
Microsoft Visual Studio Solution File, Format Version 12.00
# Visual Studio Version 17
VisualStudioVersion = 17.11.35219.272
MinimumVisualStudioVersion = 10.0.40219.1
Project("{FAE04EC0-301F-11D3-BF4B-00C04F79EFBC}") = "Tender.Crawler", "Tender.Crawler\Tender.Crawler.csproj", "{D4DF91A2-62FA-4B64-B0C6-CF6B8BF40759}"
EndProject
Global
	GlobalSection(SolutionConfigurationPlatforms) = preSolution
		Debug|Any CPU = Debug|Any CPU
		Release|Any CPU = Release|Any CPU
	EndGlobalSection
	GlobalSection(ProjectConfigurationPlatforms) = postSolution
		{D4DF91A2-62FA-4B64-B0C6-CF6B8BF40759}.Debug|Any CPU.ActiveCfg = Debug|Any CPU
		{D4DF91A2-62FA-4B64-B0C6-CF6B8BF40759}.Debug|Any CPU.Build.0 = Debug|Any CPU
		{D4DF91A2-62FA-4B64-B0C6-CF6B8BF40759}.Release|Any CPU.ActiveCfg = Release|Any CPU
		{D4DF91A2-62FA-4B64-B0C6-CF6B8BF40759}.Release|Any CPU.Build.0 = Release|Any CPU
	EndGlobalSection
	GlobalSection(SolutionProperties) = preSolution
		HideSolutionNode = FALSE
	EndGlobalSection
	GlobalSection(ExtensibilityGlobals) = postSolution
		SolutionGuid = {DCCB8F28-64F3-4D68-8E84-4CFC22BB5FA2}
	EndGlobalSection
EndGlobal
